
Microsoft Visual Studio Solution File, Format Version 12.00
# Visual Studio Version 16
VisualStudioVersion = 16.0.31205.134
MinimumVisualStudioVersion = 10.0.40219.1
Project("{FAE04EC0-301F-11D3-BF4B-00C04F79EFBC}") = "Rock Paper Scissors", "Rock Paper Scissors\Rock Paper Scissors.csproj", "{5C6B60CA-8743-431B-A3A6-0A92F2EBC169}"
EndProject
Project("{FAE04EC0-301F-11D3-BF4B-00C04F79EFBC}") = "RockPaperScissorsDomain", "RockPaperScissorsDomain\RockPaperScissorsDomain.csproj", "{4124D94B-3AC7-4B5C-89CB-2B310E9F1090}"
EndProject
Project("{FAE04EC0-301F-11D3-BF4B-00C04F79EFBC}") = "RockPaperScissiorsServices", "RockPaperScissiorsServices\RockPaperScissiorsServices.csproj", "{F400F3FC-6502-4302-A28A-78A23D9ABB8A}"
EndProject
Project("{FAE04EC0-301F-11D3-BF4B-00C04F79EFBC}") = "WorkingDays", "WorkingDays\WorkingDays.csproj", "{80A2EC44-CC74-4085-A06F-73CAC3C365DE}"
EndProject
Project("{FAE04EC0-301F-11D3-BF4B-00C04F79EFBC}") = "WorkingDaysServices", "WorkingDaysServices\WorkingDaysServices.csproj", "{617ACD7E-EAA2-440B-B972-6350C3008B76}"
EndProject
Global
	GlobalSection(SolutionConfigurationPlatforms) = preSolution
		Debug|Any CPU = Debug|Any CPU
		Release|Any CPU = Release|Any CPU
	EndGlobalSection
	GlobalSection(ProjectConfigurationPlatforms) = postSolution
		{5C6B60CA-8743-431B-A3A6-0A92F2EBC169}.Debug|Any CPU.ActiveCfg = Debug|Any CPU
		{5C6B60CA-8743-431B-A3A6-0A92F2EBC169}.Debug|Any CPU.Build.0 = Debug|Any CPU
		{5C6B60CA-8743-431B-A3A6-0A92F2EBC169}.Release|Any CPU.ActiveCfg = Release|Any CPU
		{5C6B60CA-8743-431B-A3A6-0A92F2EBC169}.Release|Any CPU.Build.0 = Release|Any CPU
		{4124D94B-3AC7-4B5C-89CB-2B310E9F1090}.Debug|Any CPU.ActiveCfg = Debug|Any CPU
		{4124D94B-3AC7-4B5C-89CB-2B310E9F1090}.Debug|Any CPU.Build.0 = Debug|Any CPU
		{4124D94B-3AC7-4B5C-89CB-2B310E9F1090}.Release|Any CPU.ActiveCfg = Release|Any CPU
		{4124D94B-3AC7-4B5C-89CB-2B310E9F1090}.Release|Any CPU.Build.0 = Release|Any CPU
		{F400F3FC-6502-4302-A28A-78A23D9ABB8A}.Debug|Any CPU.ActiveCfg = Debug|Any CPU
		{F400F3FC-6502-4302-A28A-78A23D9ABB8A}.Debug|Any CPU.Build.0 = Debug|Any CPU
		{F400F3FC-6502-4302-A28A-78A23D9ABB8A}.Release|Any CPU.ActiveCfg = Release|Any CPU
		{F400F3FC-6502-4302-A28A-78A23D9ABB8A}.Release|Any CPU.Build.0 = Release|Any CPU
		{80A2EC44-CC74-4085-A06F-73CAC3C365DE}.Debug|Any CPU.ActiveCfg = Debug|Any CPU
		{80A2EC44-CC74-4085-A06F-73CAC3C365DE}.Debug|Any CPU.Build.0 = Debug|Any CPU
		{80A2EC44-CC74-4085-A06F-73CAC3C365DE}.Release|Any CPU.ActiveCfg = Release|Any CPU
		{80A2EC44-CC74-4085-A06F-73CAC3C365DE}.Release|Any CPU.Build.0 = Release|Any CPU
		{617ACD7E-EAA2-440B-B972-6350C3008B76}.Debug|Any CPU.ActiveCfg = Debug|Any CPU
		{617ACD7E-EAA2-440B-B972-6350C3008B76}.Debug|Any CPU.Build.0 = Debug|Any CPU
		{617ACD7E-EAA2-440B-B972-6350C3008B76}.Release|Any CPU.ActiveCfg = Release|Any CPU
		{617ACD7E-EAA2-440B-B972-6350C3008B76}.Release|Any CPU.Build.0 = Release|Any CPU
	EndGlobalSection
	GlobalSection(SolutionProperties) = preSolution
		HideSolutionNode = FALSE
	EndGlobalSection
	GlobalSection(ExtensibilityGlobals) = postSolution
		SolutionGuid = {A477D432-AD1D-463C-AA5D-2D58E955E46D}
	EndGlobalSection
EndGlobal
