
Microsoft Visual Studio Solution File, Format Version 12.00
# Visual Studio Version 16
VisualStudioVersion = 16.0.31205.134
MinimumVisualStudioVersion = 10.0.40219.1
Project("{FAE04EC0-301F-11D3-BF4B-00C04F79EFBC}") = "AnimalsDogCat", "AnimalsDogCat\AnimalsDogCat.csproj", "{7DC98802-7BB9-4493-AA7D-84CFEA876527}"
EndProject
Project("{FAE04EC0-301F-11D3-BF4B-00C04F79EFBC}") = "AnimalDogCatDomain", "AnimalDogCatDomain\AnimalDogCatDomain.csproj", "{F4472D16-2ED8-4CBC-AB15-6B247FD0EEC0}"
EndProject
Global
	GlobalSection(SolutionConfigurationPlatforms) = preSolution
		Debug|Any CPU = Debug|Any CPU
		Release|Any CPU = Release|Any CPU
	EndGlobalSection
	GlobalSection(ProjectConfigurationPlatforms) = postSolution
		{7DC98802-7BB9-4493-AA7D-84CFEA876527}.Debug|Any CPU.ActiveCfg = Debug|Any CPU
		{7DC98802-7BB9-4493-AA7D-84CFEA876527}.Debug|Any CPU.Build.0 = Debug|Any CPU
		{7DC98802-7BB9-4493-AA7D-84CFEA876527}.Release|Any CPU.ActiveCfg = Release|Any CPU
		{7DC98802-7BB9-4493-AA7D-84CFEA876527}.Release|Any CPU.Build.0 = Release|Any CPU
		{F4472D16-2ED8-4CBC-AB15-6B247FD0EEC0}.Debug|Any CPU.ActiveCfg = Debug|Any CPU
		{F4472D16-2ED8-4CBC-AB15-6B247FD0EEC0}.Debug|Any CPU.Build.0 = Debug|Any CPU
		{F4472D16-2ED8-4CBC-AB15-6B247FD0EEC0}.Release|Any CPU.ActiveCfg = Release|Any CPU
		{F4472D16-2ED8-4CBC-AB15-6B247FD0EEC0}.Release|Any CPU.Build.0 = Release|Any CPU
	EndGlobalSection
	GlobalSection(SolutionProperties) = preSolution
		HideSolutionNode = FALSE
	EndGlobalSection
	GlobalSection(ExtensibilityGlobals) = postSolution
		SolutionGuid = {C7C2FA26-D1E9-4F85-86D0-0CC0E6F99592}
	EndGlobalSection
EndGlobal
