
Microsoft Visual Studio Solution File, Format Version 12.00
# Visual Studio Version 16
VisualStudioVersion = 16.0.31205.134
MinimumVisualStudioVersion = 10.0.40219.1
Project("{9A19103F-16F7-4668-BE54-9A1E7A4F7556}") = "Task1", "Task1\Task1.csproj", "{0E863F91-91BA-4A18-ABE9-216C381A46C8}"
EndProject
Project("{FAE04EC0-301F-11D3-BF4B-00C04F79EFBC}") = "Bonus", "Bonus\Bonus.csproj", "{AC772D95-7798-45F7-96DA-0B4709BA007E}"
EndProject
Global
	GlobalSection(SolutionConfigurationPlatforms) = preSolution
		Debug|Any CPU = Debug|Any CPU
		Release|Any CPU = Release|Any CPU
	EndGlobalSection
	GlobalSection(ProjectConfigurationPlatforms) = postSolution
		{0E863F91-91BA-4A18-ABE9-216C381A46C8}.Debug|Any CPU.ActiveCfg = Debug|Any CPU
		{0E863F91-91BA-4A18-ABE9-216C381A46C8}.Debug|Any CPU.Build.0 = Debug|Any CPU
		{0E863F91-91BA-4A18-ABE9-216C381A46C8}.Release|Any CPU.ActiveCfg = Release|Any CPU
		{0E863F91-91BA-4A18-ABE9-216C381A46C8}.Release|Any CPU.Build.0 = Release|Any CPU
		{AC772D95-7798-45F7-96DA-0B4709BA007E}.Debug|Any CPU.ActiveCfg = Debug|Any CPU
		{AC772D95-7798-45F7-96DA-0B4709BA007E}.Debug|Any CPU.Build.0 = Debug|Any CPU
		{AC772D95-7798-45F7-96DA-0B4709BA007E}.Release|Any CPU.ActiveCfg = Release|Any CPU
		{AC772D95-7798-45F7-96DA-0B4709BA007E}.Release|Any CPU.Build.0 = Release|Any CPU
	EndGlobalSection
	GlobalSection(SolutionProperties) = preSolution
		HideSolutionNode = FALSE
	EndGlobalSection
	GlobalSection(ExtensibilityGlobals) = postSolution
		SolutionGuid = {068CB790-854A-4912-9E8A-AC178D6573D6}
	EndGlobalSection
EndGlobal
